
Microsoft Visual Studio Solution File, Format Version 12.00
# Visual Studio Version 16
VisualStudioVersion = 16.0.32510.428
MinimumVisualStudioVersion = 10.0.40219.1
Project("{FAE04EC0-301F-11D3-BF4B-00C04F79EFBC}") = "BB_FINAL_EV", "BB_FINAL_EV.csproj", "{3A5D9C36-9635-44D5-95AD-23B043EB642F}"
EndProject
Global
	GlobalSection(SolutionConfigurationPlatforms) = preSolution
		Debug|Any CPU = Debug|Any CPU
		Release|Any CPU = Release|Any CPU
	EndGlobalSection
	GlobalSection(ProjectConfigurationPlatforms) = postSolution
		{3A5D9C36-9635-44D5-95AD-23B043EB642F}.Debug|Any CPU.ActiveCfg = Debug|Any CPU
		{3A5D9C36-9635-44D5-95AD-23B043EB642F}.Debug|Any CPU.Build.0 = Debug|Any CPU
		{3A5D9C36-9635-44D5-95AD-23B043EB642F}.Release|Any CPU.ActiveCfg = Release|Any CPU
		{3A5D9C36-9635-44D5-95AD-23B043EB642F}.Release|Any CPU.Build.0 = Release|Any CPU
	EndGlobalSection
	GlobalSection(SolutionProperties) = preSolution
		HideSolutionNode = FALSE
	EndGlobalSection
	GlobalSection(ExtensibilityGlobals) = postSolution
		SolutionGuid = {A178CF6F-37CD-4B64-ACCA-81EF2080533E}
	EndGlobalSection
EndGlobal
